// !$*UTF8*$!
{
	archiveVersion = 1;
	classes = {
	};
	objectVersion = 56;
	objects = {

/* Begin PBXBuildFile section */
		288269872993019500E2867C /* AIAEC in Frameworks */ = {isa = PBXBuildFile; productRef = 288269862993019500E2867C /* AIAEC */; };
		288269892993019500E2867C /* AINS in Frameworks */ = {isa = PBXBuildFile; productRef = 288269882993019500E2867C /* AINS */; };
		2882698B2993019500E2867C /* AudioBeauty in Frameworks */ = {isa = PBXBuildFile; productRef = 2882698A2993019500E2867C /* AudioBeauty */; };
		2882698D2993019500E2867C /* ClearVision in Frameworks */ = {isa = PBXBuildFile; productRef = 2882698C2993019500E2867C /* ClearVision */; };
		2882698F2993019500E2867C /* ContentInspect in Frameworks */ = {isa = PBXBuildFile; productRef = 2882698E2993019500E2867C /* ContentInspect */; };
		288269912993019500E2867C /* DRM in Frameworks */ = {isa = PBXBuildFile; productRef = 288269902993019500E2867C /* DRM */; };
		288269932993019500E2867C /* ReplayKit in Frameworks */ = {isa = PBXBuildFile; productRef = 288269922993019500E2867C /* ReplayKit */; };
		288269952993019500E2867C /* RtcBasic in Frameworks */ = {isa = PBXBuildFile; productRef = 288269942993019500E2867C /* RtcBasic */; };
		288269972993019500E2867C /* SpatialAudio in Frameworks */ = {isa = PBXBuildFile; productRef = 288269962993019500E2867C /* SpatialAudio */; };
		288269992993019500E2867C /* SuperResolution in Frameworks */ = {isa = PBXBuildFile; productRef = 288269982993019500E2867C /* SuperResolution */; };
		2882699B2993019500E2867C /* VQA in Frameworks */ = {isa = PBXBuildFile; productRef = 2882699A2993019500E2867C /* VQA */; };
		2882699D2993019500E2867C /* VirtualBackground in Frameworks */ = {isa = PBXBuildFile; productRef = 2882699C2993019500E2867C /* VirtualBackground */; };
		288269A0299301E600E2867C /* RTCManager.swift in Sources */ = {isa = PBXBuildFile; fileRef = 2882699F299301E600E2867C /* RTCManager.swift */; };
		288269A3299305E800E2867C /* JoinChannelView.swift in Sources */ = {isa = PBXBuildFile; fileRef = 288269A2299305E800E2867C /* JoinChannelView.swift */; };
		288269A529930A3A00E2867C /* CommentaryView.swift in Sources */ = {isa = PBXBuildFile; fileRef = 288269A429930A3A00E2867C /* CommentaryView.swift */; };
		288269A729930B7800E2867C /* String+Agora.swift in Sources */ = {isa = PBXBuildFile; fileRef = 288269A629930B7800E2867C /* String+Agora.swift */; };
		28BB588D2992F8060072A066 /* Agora_Stream_CommentaryApp.swift in Sources */ = {isa = PBXBuildFile; fileRef = 28BB588C2992F8060072A066 /* Agora_Stream_CommentaryApp.swift */; };
		28BB588F2992F8060072A066 /* ContentView.swift in Sources */ = {isa = PBXBuildFile; fileRef = 28BB588E2992F8060072A066 /* ContentView.swift */; };
		28BB58912992F8070072A066 /* Assets.xcassets in Resources */ = {isa = PBXBuildFile; fileRef = 28BB58902992F8070072A066 /* Assets.xcassets */; };
		28BB58942992F8070072A066 /* Preview Assets.xcassets in Resources */ = {isa = PBXBuildFile; fileRef = 28BB58932992F8070072A066 /* Preview Assets.xcassets */; };
/* End PBXBuildFile section */

/* Begin PBXFileReference section */
		2882699F299301E600E2867C /* RTCManager.swift */ = {isa = PBXFileReference; lastKnownFileType = sourcecode.swift; path = RTCManager.swift; sourceTree = "<group>"; };
		288269A2299305E800E2867C /* JoinChannelView.swift */ = {isa = PBXFileReference; lastKnownFileType = sourcecode.swift; path = JoinChannelView.swift; sourceTree = "<group>"; };
		288269A429930A3A00E2867C /* CommentaryView.swift */ = {isa = PBXFileReference; lastKnownFileType = sourcecode.swift; path = CommentaryView.swift; sourceTree = "<group>"; };
		288269A629930B7800E2867C /* String+Agora.swift */ = {isa = PBXFileReference; lastKnownFileType = sourcecode.swift; path = "String+Agora.swift"; sourceTree = "<group>"; };
		288269A829930C9F00E2867C /* Config.xcconfig */ = {isa = PBXFileReference; lastKnownFileType = text.xcconfig; path = Config.xcconfig; sourceTree = "<group>"; };
		28BB58892992F8060072A066 /* Agora Stream Commentary.app */ = {isa = PBXFileReference; explicitFileType = wrapper.application; includeInIndex = 0; path = "Agora Stream Commentary.app"; sourceTree = BUILT_PRODUCTS_DIR; };
		28BB588C2992F8060072A066 /* Agora_Stream_CommentaryApp.swift */ = {isa = PBXFileReference; lastKnownFileType = sourcecode.swift; path = Agora_Stream_CommentaryApp.swift; sourceTree = "<group>"; };
		28BB588E2992F8060072A066 /* ContentView.swift */ = {isa = PBXFileReference; lastKnownFileType = sourcecode.swift; path = ContentView.swift; sourceTree = "<group>"; };
		28BB58902992F8070072A066 /* Assets.xcassets */ = {isa = PBXFileReference; lastKnownFileType = folder.assetcatalog; path = Assets.xcassets; sourceTree = "<group>"; };
		28BB58932992F8070072A066 /* Preview Assets.xcassets */ = {isa = PBXFileReference; lastKnownFileType = folder.assetcatalog; path = "Preview Assets.xcassets"; sourceTree = "<group>"; };
/* End PBXFileReference section */

/* Begin PBXFrameworksBuildPhase section */
		28BB58862992F8060072A066 /* Frameworks */ = {
			isa = PBXFrameworksBuildPhase;
			buildActionMask = 2147483647;
			files = (
				288269992993019500E2867C /* SuperResolution in Frameworks */,
				288269912993019500E2867C /* DRM in Frameworks */,
				2882699B2993019500E2867C /* VQA in Frameworks */,
				2882698B2993019500E2867C /* AudioBeauty in Frameworks */,
				288269932993019500E2867C /* ReplayKit in Frameworks */,
				288269972993019500E2867C /* SpatialAudio in Frameworks */,
				288269952993019500E2867C /* RtcBasic in Frameworks */,
				2882698F2993019500E2867C /* ContentInspect in Frameworks */,
				2882699D2993019500E2867C /* VirtualBackground in Frameworks */,
				288269872993019500E2867C /* AIAEC in Frameworks */,
				2882698D2993019500E2867C /* ClearVision in Frameworks */,
				288269892993019500E2867C /* AINS in Frameworks */,
			);
			runOnlyForDeploymentPostprocessing = 0;
		};
/* End PBXFrameworksBuildPhase section */

/* Begin PBXGroup section */
		2882699E299301C600E2867C /* RTC */ = {
			isa = PBXGroup;
			children = (
				2882699F299301E600E2867C /* RTCManager.swift */,
			);
			path = RTC;
			sourceTree = "<group>";
		};
		28BB58802992F8050072A066 = {
			isa = PBXGroup;
			children = (
				28BB588B2992F8060072A066 /* Agora Stream Commentary */,
				28BB588A2992F8060072A066 /* Products */,
			);
			sourceTree = "<group>";
		};
		28BB588A2992F8060072A066 /* Products */ = {
			isa = PBXGroup;
			children = (
				28BB58892992F8060072A066 /* Agora Stream Commentary.app */,
			);
			name = Products;
			sourceTree = "<group>";
		};
		28BB588B2992F8060072A066 /* Agora Stream Commentary */ = {
			isa = PBXGroup;
			children = (
				2882699E299301C600E2867C /* RTC */,
				28BB588C2992F8060072A066 /* Agora_Stream_CommentaryApp.swift */,
				28BB588E2992F8060072A066 /* ContentView.swift */,
				28BB58902992F8070072A066 /* Assets.xcassets */,
				28BB58922992F8070072A066 /* Preview Content */,
				288269A2299305E800E2867C /* JoinChannelView.swift */,
				288269A429930A3A00E2867C /* CommentaryView.swift */,
				288269A629930B7800E2867C /* String+Agora.swift */,
				288269A829930C9F00E2867C /* Config.xcconfig */,
			);
			path = "Agora Stream Commentary";
			sourceTree = "<group>";
		};
		28BB58922992F8070072A066 /* Preview Content */ = {
			isa = PBXGroup;
			children = (
				28BB58932992F8070072A066 /* Preview Assets.xcassets */,
			);
			path = "Preview Content";
			sourceTree = "<group>";
		};
/* End PBXGroup section */

/* Begin PBXNativeTarget section */
		28BB58882992F8060072A066 /* Agora Stream Commentary */ = {
			isa = PBXNativeTarget;
			buildConfigurationList = 28BB58972992F8070072A066 /* Build configuration list for PBXNativeTarget "Agora Stream Commentary" */;
			buildPhases = (
				28BB58852992F8060072A066 /* Sources */,
				28BB58862992F8060072A066 /* Frameworks */,
				28BB58872992F8060072A066 /* Resources */,
			);
			buildRules = (
			);
			dependencies = (
			);
			name = "Agora Stream Commentary";
			packageProductDependencies = (
				288269862993019500E2867C /* AIAEC */,
				288269882993019500E2867C /* AINS */,
				2882698A2993019500E2867C /* AudioBeauty */,
				2882698C2993019500E2867C /* ClearVision */,
				2882698E2993019500E2867C /* ContentInspect */,
				288269902993019500E2867C /* DRM */,
				288269922993019500E2867C /* ReplayKit */,
				288269942993019500E2867C /* RtcBasic */,
				288269962993019500E2867C /* SpatialAudio */,
				288269982993019500E2867C /* SuperResolution */,
				2882699A2993019500E2867C /* VQA */,
				2882699C2993019500E2867C /* VirtualBackground */,
			);
			productName = "Agora Stream Commentary";
			productReference = 28BB58892992F8060072A066 /* Agora Stream Commentary.app */;
			productType = "com.apple.product-type.application";
		};
/* End PBXNativeTarget section */

/* Begin PBXProject section */
		28BB58812992F8050072A066 /* Project object */ = {
			isa = PBXProject;
			attributes = {
				BuildIndependentTargetsInParallel = 1;
				LastSwiftUpdateCheck = 1420;
				LastUpgradeCheck = 1420;
				TargetAttributes = {
					28BB58882992F8060072A066 = {
						CreatedOnToolsVersion = 14.2;
					};
				};
			};
			buildConfigurationList = 28BB58842992F8050072A066 /* Build configuration list for PBXProject "Agora Stream Commentary" */;
			compatibilityVersion = "Xcode 14.0";
			developmentRegion = en;
			hasScannedForEncodings = 0;
			knownRegions = (
				en,
				Base,
			);
			mainGroup = 28BB58802992F8050072A066;
			packageReferences = (
				288269852993019500E2867C /* XCRemoteSwiftPackageReference "AgoraRtcEngine_iOS" */,
			);
			productRefGroup = 28BB588A2992F8060072A066 /* Products */;
			projectDirPath = "";
			projectRoot = "";
			targets = (
				28BB58882992F8060072A066 /* Agora Stream Commentary */,
			);
		};
/* End PBXProject section */

/* Begin PBXResourcesBuildPhase section */
		28BB58872992F8060072A066 /* Resources */ = {
			isa = PBXResourcesBuildPhase;
			buildActionMask = 2147483647;
			files = (
				28BB58942992F8070072A066 /* Preview Assets.xcassets in Resources */,
				28BB58912992F8070072A066 /* Assets.xcassets in Resources */,
			);
			runOnlyForDeploymentPostprocessing = 0;
		};
/* End PBXResourcesBuildPhase section */

/* Begin PBXSourcesBuildPhase section */
		28BB58852992F8060072A066 /* Sources */ = {
			isa = PBXSourcesBuildPhase;
			buildActionMask = 2147483647;
			files = (
				288269A3299305E800E2867C /* JoinChannelView.swift in Sources */,
				288269A729930B7800E2867C /* String+Agora.swift in Sources */,
				288269A529930A3A00E2867C /* CommentaryView.swift in Sources */,
				28BB588F2992F8060072A066 /* ContentView.swift in Sources */,
				288269A0299301E600E2867C /* RTCManager.swift in Sources */,
				28BB588D2992F8060072A066 /* Agora_Stream_CommentaryApp.swift in Sources */,
			);
			runOnlyForDeploymentPostprocessing = 0;
		};
/* End PBXSourcesBuildPhase section */

/* Begin XCBuildConfiguration section */
		28BB58952992F8070072A066 /* Debug */ = {
			isa = XCBuildConfiguration;
			buildSettings = {
				ALWAYS_SEARCH_USER_PATHS = NO;
				CLANG_ANALYZER_NONNULL = YES;
				CLANG_ANALYZER_NUMBER_OBJECT_CONVERSION = YES_AGGRESSIVE;
				CLANG_CXX_LANGUAGE_STANDARD = "gnu++20";
				CLANG_ENABLE_MODULES = YES;
				CLANG_ENABLE_OBJC_ARC = YES;
				CLANG_ENABLE_OBJC_WEAK = YES;
				CLANG_WARN_BLOCK_CAPTURE_AUTORELEASING = YES;
				CLANG_WARN_BOOL_CONVERSION = YES;
				CLANG_WARN_COMMA = YES;
				CLANG_WARN_CONSTANT_CONVERSION = YES;
				CLANG_WARN_DEPRECATED_OBJC_IMPLEMENTATIONS = YES;
				CLANG_WARN_DIRECT_OBJC_ISA_USAGE = YES_ERROR;
				CLANG_WARN_DOCUMENTATION_COMMENTS = YES;
				CLANG_WARN_EMPTY_BODY = YES;
				CLANG_WARN_ENUM_CONVERSION = YES;
				CLANG_WARN_INFINITE_RECURSION = YES;
				CLANG_WARN_INT_CONVERSION = YES;
				CLANG_WARN_NON_LITERAL_NULL_CONVERSION = YES;
				CLANG_WARN_OBJC_IMPLICIT_RETAIN_SELF = YES;
				CLANG_WARN_OBJC_LITERAL_CONVERSION = YES;
				CLANG_WARN_OBJC_ROOT_CLASS = YES_ERROR;
				CLANG_WARN_QUOTED_INCLUDE_IN_FRAMEWORK_HEADER = YES;
				CLANG_WARN_RANGE_LOOP_ANALYSIS = YES;
				CLANG_WARN_STRICT_PROTOTYPES = YES;
				CLANG_WARN_SUSPICIOUS_MOVE = YES;
				CLANG_WARN_UNGUARDED_AVAILABILITY = YES_AGGRESSIVE;
				CLANG_WARN_UNREACHABLE_CODE = YES;
				CLANG_WARN__DUPLICATE_METHOD_MATCH = YES;
				COPY_PHASE_STRIP = NO;
				DEBUG_INFORMATION_FORMAT = dwarf;
				ENABLE_STRICT_OBJC_MSGSEND = YES;
				ENABLE_TESTABILITY = YES;
				GCC_C_LANGUAGE_STANDARD = gnu11;
				GCC_DYNAMIC_NO_PIC = NO;
				GCC_NO_COMMON_BLOCKS = YES;
				GCC_OPTIMIZATION_LEVEL = 0;
				GCC_PREPROCESSOR_DEFINITIONS = (
					"DEBUG=1",
					"$(inherited)",
				);
				GCC_WARN_64_TO_32_BIT_CONVERSION = YES;
				GCC_WARN_ABOUT_RETURN_TYPE = YES_ERROR;
				GCC_WARN_UNDECLARED_SELECTOR = YES;
				GCC_WARN_UNINITIALIZED_AUTOS = YES_AGGRESSIVE;
				GCC_WARN_UNUSED_FUNCTION = YES;
				GCC_WARN_UNUSED_VARIABLE = YES;
				IPHONEOS_DEPLOYMENT_TARGET = 16.2;
				MTL_ENABLE_DEBUG_INFO = INCLUDE_SOURCE;
				MTL_FAST_MATH = YES;
				ONLY_ACTIVE_ARCH = YES;
				SDKROOT = iphoneos;
				SWIFT_ACTIVE_COMPILATION_CONDITIONS = DEBUG;
				SWIFT_OPTIMIZATION_LEVEL = "-Onone";
			};
			name = Debug;
		};
		28BB58962992F8070072A066 /* Release */ = {
			isa = XCBuildConfiguration;
			buildSettings = {
				ALWAYS_SEARCH_USER_PATHS = NO;
				CLANG_ANALYZER_NONNULL = YES;
				CLANG_ANALYZER_NUMBER_OBJECT_CONVERSION = YES_AGGRESSIVE;
				CLANG_CXX_LANGUAGE_STANDARD = "gnu++20";
				CLANG_ENABLE_MODULES = YES;
				CLANG_ENABLE_OBJC_ARC = YES;
				CLANG_ENABLE_OBJC_WEAK = YES;
				CLANG_WARN_BLOCK_CAPTURE_AUTORELEASING = YES;
				CLANG_WARN_BOOL_CONVERSION = YES;
				CLANG_WARN_COMMA = YES;
				CLANG_WARN_CONSTANT_CONVERSION = YES;
				CLANG_WARN_DEPRECATED_OBJC_IMPLEMENTATIONS = YES;
				CLANG_WARN_DIRECT_OBJC_ISA_USAGE = YES_ERROR;
				CLANG_WARN_DOCUMENTATION_COMMENTS = YES;
				CLANG_WARN_EMPTY_BODY = YES;
				CLANG_WARN_ENUM_CONVERSION = YES;
				CLANG_WARN_INFINITE_RECURSION = YES;
				CLANG_WARN_INT_CONVERSION = YES;
				CLANG_WARN_NON_LITERAL_NULL_CONVERSION = YES;
				CLANG_WARN_OBJC_IMPLICIT_RETAIN_SELF = YES;
				CLANG_WARN_OBJC_LITERAL_CONVERSION = YES;
				CLANG_WARN_OBJC_ROOT_CLASS = YES_ERROR;
				CLANG_WARN_QUOTED_INCLUDE_IN_FRAMEWORK_HEADER = YES;
				CLANG_WARN_RANGE_LOOP_ANALYSIS = YES;
				CLANG_WARN_STRICT_PROTOTYPES = YES;
				CLANG_WARN_SUSPICIOUS_MOVE = YES;
				CLANG_WARN_UNGUARDED_AVAILABILITY = YES_AGGRESSIVE;
				CLANG_WARN_UNREACHABLE_CODE = YES;
				CLANG_WARN__DUPLICATE_METHOD_MATCH = YES;
				COPY_PHASE_STRIP = NO;
				DEBUG_INFORMATION_FORMAT = "dwarf-with-dsym";
				ENABLE_NS_ASSERTIONS = NO;
				ENABLE_STRICT_OBJC_MSGSEND = YES;
				GCC_C_LANGUAGE_STANDARD = gnu11;
				GCC_NO_COMMON_BLOCKS = YES;
				GCC_WARN_64_TO_32_BIT_CONVERSION = YES;
				GCC_WARN_ABOUT_RETURN_TYPE = YES_ERROR;
				GCC_WARN_UNDECLARED_SELECTOR = YES;
				GCC_WARN_UNINITIALIZED_AUTOS = YES_AGGRESSIVE;
				GCC_WARN_UNUSED_FUNCTION = YES;
				GCC_WARN_UNUSED_VARIABLE = YES;
				IPHONEOS_DEPLOYMENT_TARGET = 16.2;
				MTL_ENABLE_DEBUG_INFO = NO;
				MTL_FAST_MATH = YES;
				SDKROOT = iphoneos;
				SWIFT_COMPILATION_MODE = wholemodule;
				SWIFT_OPTIMIZATION_LEVEL = "-O";
				VALIDATE_PRODUCT = YES;
			};
			name = Release;
		};
		28BB58982992F8070072A066 /* Debug */ = {
			isa = XCBuildConfiguration;
			buildSettings = {
				ASSETCATALOG_COMPILER_APPICON_NAME = AppIcon;
				ASSETCATALOG_COMPILER_GLOBAL_ACCENT_COLOR_NAME = AccentColor;
				CODE_SIGN_STYLE = Automatic;
				CURRENT_PROJECT_VERSION = 1;
				DEVELOPMENT_ASSET_PATHS = "\"Agora Stream Commentary/Preview Content\"";
				DEVELOPMENT_TEAM = AZ59WCD7SF;
				ENABLE_PREVIEWS = YES;
				GENERATE_INFOPLIST_FILE = YES;
				INFOPLIST_KEY_UIApplicationSceneManifest_Generation = YES;
				INFOPLIST_KEY_UIApplicationSupportsIndirectInputEvents = YES;
				INFOPLIST_KEY_UILaunchScreen_Generation = YES;
				INFOPLIST_KEY_UISupportedInterfaceOrientations_iPad = "UIInterfaceOrientationPortrait UIInterfaceOrientationPortraitUpsideDown UIInterfaceOrientationLandscapeLeft UIInterfaceOrientationLandscapeRight";
				INFOPLIST_KEY_UISupportedInterfaceOrientations_iPhone = "UIInterfaceOrientationPortrait UIInterfaceOrientationLandscapeLeft UIInterfaceOrientationLandscapeRight";
				LD_RUNPATH_SEARCH_PATHS = (
					"$(inherited)",
					"@executable_path/Frameworks",
				);
				MARKETING_VERSION = 1.0;
				PRODUCT_BUNDLE_IDENTIFIER = "io.agora.Agora-Stream-Commentary";
				PRODUCT_NAME = "$(TARGET_NAME)";
				SWIFT_EMIT_LOC_STRINGS = YES;
				SWIFT_VERSION = 5.0;
				TARGETED_DEVICE_FAMILY = "1,2";
			};
			name = Debug;
		};
		28BB58992992F8070072A066 /* Release */ = {
			isa = XCBuildConfiguration;
			buildSettings = {
				ASSETCATALOG_COMPILER_APPICON_NAME = AppIcon;
				ASSETCATALOG_COMPILER_GLOBAL_ACCENT_COLOR_NAME = AccentColor;
				CODE_SIGN_STYLE = Automatic;
				CURRENT_PROJECT_VERSION = 1;
				DEVELOPMENT_ASSET_PATHS = "\"Agora Stream Commentary/Preview Content\"";
				DEVELOPMENT_TEAM = AZ59WCD7SF;
				ENABLE_PREVIEWS = YES;
				GENERATE_INFOPLIST_FILE = YES;
				INFOPLIST_KEY_UIApplicationSceneManifest_Generation = YES;
				INFOPLIST_KEY_UIApplicationSupportsIndirectInputEvents = YES;
				INFOPLIST_KEY_UILaunchScreen_Generation = YES;
				INFOPLIST_KEY_UISupportedInterfaceOrientations_iPad = "UIInterfaceOrientationPortrait UIInterfaceOrientationPortraitUpsideDown UIInterfaceOrientationLandscapeLeft UIInterfaceOrientationLandscapeRight";
				INFOPLIST_KEY_UISupportedInterfaceOrientations_iPhone = "UIInterfaceOrientationPortrait UIInterfaceOrientationLandscapeLeft UIInterfaceOrientationLandscapeRight";
				LD_RUNPATH_SEARCH_PATHS = (
					"$(inherited)",
					"@executable_path/Frameworks",
				);
				MARKETING_VERSION = 1.0;
				PRODUCT_BUNDLE_IDENTIFIER = "io.agora.Agora-Stream-Commentary";
				PRODUCT_NAME = "$(TARGET_NAME)";
				SWIFT_EMIT_LOC_STRINGS = YES;
				SWIFT_VERSION = 5.0;
				TARGETED_DEVICE_FAMILY = "1,2";
			};
			name = Release;
		};
/* End XCBuildConfiguration section */

/* Begin XCConfigurationList section */
		28BB58842992F8050072A066 /* Build configuration list for PBXProject "Agora Stream Commentary" */ = {
			isa = XCConfigurationList;
			buildConfigurations = (
				28BB58952992F8070072A066 /* Debug */,
				28BB58962992F8070072A066 /* Release */,
			);
			defaultConfigurationIsVisible = 0;
			defaultConfigurationName = Release;
		};
		28BB58972992F8070072A066 /* Build configuration list for PBXNativeTarget "Agora Stream Commentary" */ = {
			isa = XCConfigurationList;
			buildConfigurations = (
				28BB58982992F8070072A066 /* Debug */,
				28BB58992992F8070072A066 /* Release */,
			);
			defaultConfigurationIsVisible = 0;
			defaultConfigurationName = Release;
		};
/* End XCConfigurationList section */

/* Begin XCRemoteSwiftPackageReference section */
		288269852993019500E2867C /* XCRemoteSwiftPackageReference "AgoraRtcEngine_iOS" */ = {
			isa = XCRemoteSwiftPackageReference;
			repositoryURL = "https://github.com/AgoraIO/AgoraRtcEngine_iOS";
			requirement = {
				kind = upToNextMajorVersion;
				minimumVersion = 4.1.0;
			};
		};
/* End XCRemoteSwiftPackageReference section */

/* Begin XCSwiftPackageProductDependency section */
		288269862993019500E2867C /* AIAEC */ = {
			isa = XCSwiftPackageProductDependency;
			package = 288269852993019500E2867C /* XCRemoteSwiftPackageReference "AgoraRtcEngine_iOS" */;
			productName = AIAEC;
		};
		288269882993019500E2867C /* AINS */ = {
			isa = XCSwiftPackageProductDependency;
			package = 288269852993019500E2867C /* XCRemoteSwiftPackageReference "AgoraRtcEngine_iOS" */;
			productName = AINS;
		};
		2882698A2993019500E2867C /* AudioBeauty */ = {
			isa = XCSwiftPackageProductDependency;
			package = 288269852993019500E2867C /* XCRemoteSwiftPackageReference "AgoraRtcEngine_iOS" */;
			productName = AudioBeauty;
		};
		2882698C2993019500E2867C /* ClearVision */ = {
			isa = XCSwiftPackageProductDependency;
			package = 288269852993019500E2867C /* XCRemoteSwiftPackageReference "AgoraRtcEngine_iOS" */;
			productName = ClearVision;
		};
		2882698E2993019500E2867C /* ContentInspect */ = {
			isa = XCSwiftPackageProductDependency;
			package = 288269852993019500E2867C /* XCRemoteSwiftPackageReference "AgoraRtcEngine_iOS" */;
			productName = ContentInspect;
		};
		288269902993019500E2867C /* DRM */ = {
			isa = XCSwiftPackageProductDependency;
			package = 288269852993019500E2867C /* XCRemoteSwiftPackageReference "AgoraRtcEngine_iOS" */;
			productName = DRM;
		};
		288269922993019500E2867C /* ReplayKit */ = {
			isa = XCSwiftPackageProductDependency;
			package = 288269852993019500E2867C /* XCRemoteSwiftPackageReference "AgoraRtcEngine_iOS" */;
			productName = ReplayKit;
		};
		288269942993019500E2867C /* RtcBasic */ = {
			isa = XCSwiftPackageProductDependency;
			package = 288269852993019500E2867C /* XCRemoteSwiftPackageReference "AgoraRtcEngine_iOS" */;
			productName = RtcBasic;
		};
		288269962993019500E2867C /* SpatialAudio */ = {
			isa = XCSwiftPackageProductDependency;
			package = 288269852993019500E2867C /* XCRemoteSwiftPackageReference "AgoraRtcEngine_iOS" */;
			productName = SpatialAudio;
		};
		288269982993019500E2867C /* SuperResolution */ = {
			isa = XCSwiftPackageProductDependency;
			package = 288269852993019500E2867C /* XCRemoteSwiftPackageReference "AgoraRtcEngine_iOS" */;
			productName = SuperResolution;
		};
		2882699A2993019500E2867C /* VQA */ = {
			isa = XCSwiftPackageProductDependency;
			package = 288269852993019500E2867C /* XCRemoteSwiftPackageReference "AgoraRtcEngine_iOS" */;
			productName = VQA;
		};
		2882699C2993019500E2867C /* VirtualBackground */ = {
			isa = XCSwiftPackageProductDependency;
			package = 288269852993019500E2867C /* XCRemoteSwiftPackageReference "AgoraRtcEngine_iOS" */;
			productName = VirtualBackground;
		};
/* End XCSwiftPackageProductDependency section */
	};
	rootObject = 28BB58812992F8050072A066 /* Project object */;
}
