{
  "pins" : [
    {
      "identity" : "agorartcengine_ios",
      "kind" : "remoteSourceControl",
      "location" : "https://github.com/AgoraIO/AgoraRtcEngine_iOS",
      "state" : {
        "branch" : "main",
        "revision" : "13f007dff53e2c670ad645fae43e3fcea8f4df6c"
      }
    },
    {
      "identity" : "swift-log",
      "kind" : "remoteSourceControl",
      "location" : "git@github.com:apple/swift-log.git",
      "state" : {
        "branch" : "main",
        "revision" : "f79ba6a75f6d571a25bc08bcac02bf74a9459ba6"
      }
    }
  ],
  "version" : 2
}
